// !$*UTF8*$!
{
	archiveVersion = 1;
	classes = {
	};
	objectVersion = 55;
	objects = {

/* Begin PBXBuildFile section */
		66093B06292BA86700D407E2 /* New_Wave_StoreApp.swift in Sources */ = {isa = PBXBuildFile; fileRef = 66093B05292BA86700D407E2 /* New_Wave_StoreApp.swift */; };
		66093B08292BA86700D407E2 /* ContentView.swift in Sources */ = {isa = PBXBuildFile; fileRef = 66093B07292BA86700D407E2 /* ContentView.swift */; };
		66093B0A292BA86900D407E2 /* Assets.xcassets in Resources */ = {isa = PBXBuildFile; fileRef = 66093B09292BA86900D407E2 /* Assets.xcassets */; };
		66093B0D292BA86900D407E2 /* Preview Assets.xcassets in Resources */ = {isa = PBXBuildFile; fileRef = 66093B0C292BA86900D407E2 /* Preview Assets.xcassets */; };
		66093B17292BAABF00D407E2 /* Product.swift in Sources */ = {isa = PBXBuildFile; fileRef = 66093B16292BAABF00D407E2 /* Product.swift */; };
		66093B1B292BB27300D407E2 /* ProductList.swift in Sources */ = {isa = PBXBuildFile; fileRef = 66093B1A292BB27300D407E2 /* ProductList.swift */; };
		664FBEE129390139001EC31F /* Cart.swift in Sources */ = {isa = PBXBuildFile; fileRef = 664FBEE029390139001EC31F /* Cart.swift */; };
		6668465A292E5D8B00CC4CD3 /* Constants.swift in Sources */ = {isa = PBXBuildFile; fileRef = 66684659292E5D8B00CC4CD3 /* Constants.swift */; };
		6668465C292E5EE400CC4CD3 /* ProductView.swift in Sources */ = {isa = PBXBuildFile; fileRef = 6668465B292E5EE400CC4CD3 /* ProductView.swift */; };
		6689FF7A29363C9800E06FFF /* ProductDetailView.swift in Sources */ = {isa = PBXBuildFile; fileRef = 6689FF7929363C9800E06FFF /* ProductDetailView.swift */; };
		66FD948D292E639800BB36B3 /* HomeView.swift in Sources */ = {isa = PBXBuildFile; fileRef = 66FD948C292E639800BB36B3 /* HomeView.swift */; };
/* End PBXBuildFile section */

/* Begin PBXFileReference section */
		66093B02292BA86700D407E2 /* New Wave Store.app */ = {isa = PBXFileReference; explicitFileType = wrapper.application; includeInIndex = 0; path = "New Wave Store.app"; sourceTree = BUILT_PRODUCTS_DIR; };
		66093B05292BA86700D407E2 /* New_Wave_StoreApp.swift */ = {isa = PBXFileReference; lastKnownFileType = sourcecode.swift; path = New_Wave_StoreApp.swift; sourceTree = "<group>"; };
		66093B07292BA86700D407E2 /* ContentView.swift */ = {isa = PBXFileReference; lastKnownFileType = sourcecode.swift; path = ContentView.swift; sourceTree = "<group>"; };
		66093B09292BA86900D407E2 /* Assets.xcassets */ = {isa = PBXFileReference; lastKnownFileType = folder.assetcatalog; path = Assets.xcassets; sourceTree = "<group>"; };
		66093B0C292BA86900D407E2 /* Preview Assets.xcassets */ = {isa = PBXFileReference; lastKnownFileType = folder.assetcatalog; path = "Preview Assets.xcassets"; sourceTree = "<group>"; };
		66093B0E292BA86900D407E2 /* New_Wave_Store.entitlements */ = {isa = PBXFileReference; lastKnownFileType = text.plist.entitlements; path = New_Wave_Store.entitlements; sourceTree = "<group>"; };
		66093B16292BAABF00D407E2 /* Product.swift */ = {isa = PBXFileReference; lastKnownFileType = sourcecode.swift; path = Product.swift; sourceTree = "<group>"; };
		66093B1A292BB27300D407E2 /* ProductList.swift */ = {isa = PBXFileReference; lastKnownFileType = sourcecode.swift; path = ProductList.swift; sourceTree = "<group>"; };
		664FBEE029390139001EC31F /* Cart.swift */ = {isa = PBXFileReference; lastKnownFileType = sourcecode.swift; path = Cart.swift; sourceTree = "<group>"; };
		66684659292E5D8B00CC4CD3 /* Constants.swift */ = {isa = PBXFileReference; lastKnownFileType = sourcecode.swift; path = Constants.swift; sourceTree = "<group>"; };
		6668465B292E5EE400CC4CD3 /* ProductView.swift */ = {isa = PBXFileReference; lastKnownFileType = sourcecode.swift; path = ProductView.swift; sourceTree = "<group>"; };
		6689FF7929363C9800E06FFF /* ProductDetailView.swift */ = {isa = PBXFileReference; lastKnownFileType = sourcecode.swift; path = ProductDetailView.swift; sourceTree = "<group>"; };
		66FD948C292E639800BB36B3 /* HomeView.swift */ = {isa = PBXFileReference; lastKnownFileType = sourcecode.swift; path = HomeView.swift; sourceTree = "<group>"; };
/* End PBXFileReference section */

/* Begin PBXFrameworksBuildPhase section */
		66093AFF292BA86700D407E2 /* Frameworks */ = {
			isa = PBXFrameworksBuildPhase;
			buildActionMask = 2147483647;
			files = (
			);
			runOnlyForDeploymentPostprocessing = 0;
		};
/* End PBXFrameworksBuildPhase section */

/* Begin PBXGroup section */
		66093AF9292BA86700D407E2 = {
			isa = PBXGroup;
			children = (
				66093B04292BA86700D407E2 /* New Wave Store */,
				66093B03292BA86700D407E2 /* Products */,
			);
			sourceTree = "<group>";
		};
		66093B03292BA86700D407E2 /* Products */ = {
			isa = PBXGroup;
			children = (
				66093B02292BA86700D407E2 /* New Wave Store.app */,
			);
			name = Products;
			sourceTree = "<group>";
		};
		66093B04292BA86700D407E2 /* New Wave Store */ = {
			isa = PBXGroup;
			children = (
				66093B19292BAC9100D407E2 /* Views */,
				66093B18292BAC8100D407E2 /* Model */,
				66093B05292BA86700D407E2 /* New_Wave_StoreApp.swift */,
				66093B09292BA86900D407E2 /* Assets.xcassets */,
				66093B0E292BA86900D407E2 /* New_Wave_Store.entitlements */,
				66093B0B292BA86900D407E2 /* Preview Content */,
			);
			path = "New Wave Store";
			sourceTree = "<group>";
		};
		66093B0B292BA86900D407E2 /* Preview Content */ = {
			isa = PBXGroup;
			children = (
				66093B0C292BA86900D407E2 /* Preview Assets.xcassets */,
			);
			path = "Preview Content";
			sourceTree = "<group>";
		};
		66093B18292BAC8100D407E2 /* Model */ = {
			isa = PBXGroup;
			children = (
				66093B16292BAABF00D407E2 /* Product.swift */,
				66093B1A292BB27300D407E2 /* ProductList.swift */,
				66684659292E5D8B00CC4CD3 /* Constants.swift */,
				664FBEE029390139001EC31F /* Cart.swift */,
			);
			path = Model;
			sourceTree = "<group>";
		};
		66093B19292BAC9100D407E2 /* Views */ = {
			isa = PBXGroup;
			children = (
				66093B07292BA86700D407E2 /* ContentView.swift */,
				6668465B292E5EE400CC4CD3 /* ProductView.swift */,
				66FD948C292E639800BB36B3 /* HomeView.swift */,
				6689FF7929363C9800E06FFF /* ProductDetailView.swift */,
			);
			path = Views;
			sourceTree = "<group>";
		};
/* End PBXGroup section */

/* Begin PBXNativeTarget section */
		66093B01292BA86700D407E2 /* New Wave Store */ = {
			isa = PBXNativeTarget;
			buildConfigurationList = 66093B11292BA86900D407E2 /* Build configuration list for PBXNativeTarget "New Wave Store" */;
			buildPhases = (
				66093AFE292BA86700D407E2 /* Sources */,
				66093AFF292BA86700D407E2 /* Frameworks */,
				66093B00292BA86700D407E2 /* Resources */,
			);
			buildRules = (
			);
			dependencies = (
			);
			name = "New Wave Store";
			productName = "New Wave Store";
			productReference = 66093B02292BA86700D407E2 /* New Wave Store.app */;
			productType = "com.apple.product-type.application";
		};
/* End PBXNativeTarget section */

/* Begin PBXProject section */
		66093AFA292BA86700D407E2 /* Project object */ = {
			isa = PBXProject;
			attributes = {
				BuildIndependentTargetsInParallel = 1;
				LastSwiftUpdateCheck = 1340;
				LastUpgradeCheck = 1340;
				TargetAttributes = {
					66093B01292BA86700D407E2 = {
						CreatedOnToolsVersion = 13.4.1;
					};
				};
			};
			buildConfigurationList = 66093AFD292BA86700D407E2 /* Build configuration list for PBXProject "New Wave Store" */;
			compatibilityVersion = "Xcode 13.0";
			developmentRegion = en;
			hasScannedForEncodings = 0;
			knownRegions = (
				en,
				Base,
			);
			mainGroup = 66093AF9292BA86700D407E2;
			productRefGroup = 66093B03292BA86700D407E2 /* Products */;
			projectDirPath = "";
			projectRoot = "";
			targets = (
				66093B01292BA86700D407E2 /* New Wave Store */,
			);
		};
/* End PBXProject section */

/* Begin PBXResourcesBuildPhase section */
		66093B00292BA86700D407E2 /* Resources */ = {
			isa = PBXResourcesBuildPhase;
			buildActionMask = 2147483647;
			files = (
				66093B0D292BA86900D407E2 /* Preview Assets.xcassets in Resources */,
				66093B0A292BA86900D407E2 /* Assets.xcassets in Resources */,
			);
			runOnlyForDeploymentPostprocessing = 0;
		};
/* End PBXResourcesBuildPhase section */

/* Begin PBXSourcesBuildPhase section */
		66093AFE292BA86700D407E2 /* Sources */ = {
			isa = PBXSourcesBuildPhase;
			buildActionMask = 2147483647;
			files = (
				6668465A292E5D8B00CC4CD3 /* Constants.swift in Sources */,
				664FBEE129390139001EC31F /* Cart.swift in Sources */,
				6689FF7A29363C9800E06FFF /* ProductDetailView.swift in Sources */,
				66FD948D292E639800BB36B3 /* HomeView.swift in Sources */,
				66093B08292BA86700D407E2 /* ContentView.swift in Sources */,
				66093B1B292BB27300D407E2 /* ProductList.swift in Sources */,
				66093B06292BA86700D407E2 /* New_Wave_StoreApp.swift in Sources */,
				6668465C292E5EE400CC4CD3 /* ProductView.swift in Sources */,
				66093B17292BAABF00D407E2 /* Product.swift in Sources */,
			);
			runOnlyForDeploymentPostprocessing = 0;
		};
/* End PBXSourcesBuildPhase section */

/* Begin XCBuildConfiguration section */
		66093B0F292BA86900D407E2 /* Debug */ = {
			isa = XCBuildConfiguration;
			buildSettings = {
				ALWAYS_SEARCH_USER_PATHS = NO;
				CLANG_ANALYZER_NONNULL = YES;
				CLANG_ANALYZER_NUMBER_OBJECT_CONVERSION = YES_AGGRESSIVE;
				CLANG_CXX_LANGUAGE_STANDARD = "gnu++17";
				CLANG_ENABLE_MODULES = YES;
				CLANG_ENABLE_OBJC_ARC = YES;
				CLANG_ENABLE_OBJC_WEAK = YES;
				CLANG_WARN_BLOCK_CAPTURE_AUTORELEASING = YES;
				CLANG_WARN_BOOL_CONVERSION = YES;
				CLANG_WARN_COMMA = YES;
				CLANG_WARN_CONSTANT_CONVERSION = YES;
				CLANG_WARN_DEPRECATED_OBJC_IMPLEMENTATIONS = YES;
				CLANG_WARN_DIRECT_OBJC_ISA_USAGE = YES_ERROR;
				CLANG_WARN_DOCUMENTATION_COMMENTS = YES;
				CLANG_WARN_EMPTY_BODY = YES;
				CLANG_WARN_ENUM_CONVERSION = YES;
				CLANG_WARN_INFINITE_RECURSION = YES;
				CLANG_WARN_INT_CONVERSION = YES;
				CLANG_WARN_NON_LITERAL_NULL_CONVERSION = YES;
				CLANG_WARN_OBJC_IMPLICIT_RETAIN_SELF = YES;
				CLANG_WARN_OBJC_LITERAL_CONVERSION = YES;
				CLANG_WARN_OBJC_ROOT_CLASS = YES_ERROR;
				CLANG_WARN_QUOTED_INCLUDE_IN_FRAMEWORK_HEADER = YES;
				CLANG_WARN_RANGE_LOOP_ANALYSIS = YES;
				CLANG_WARN_STRICT_PROTOTYPES = YES;
				CLANG_WARN_SUSPICIOUS_MOVE = YES;
				CLANG_WARN_UNGUARDED_AVAILABILITY = YES_AGGRESSIVE;
				CLANG_WARN_UNREACHABLE_CODE = YES;
				CLANG_WARN__DUPLICATE_METHOD_MATCH = YES;
				COPY_PHASE_STRIP = NO;
				DEBUG_INFORMATION_FORMAT = dwarf;
				ENABLE_STRICT_OBJC_MSGSEND = YES;
				ENABLE_TESTABILITY = YES;
				GCC_C_LANGUAGE_STANDARD = gnu11;
				GCC_DYNAMIC_NO_PIC = NO;
				GCC_NO_COMMON_BLOCKS = YES;
				GCC_OPTIMIZATION_LEVEL = 0;
				GCC_PREPROCESSOR_DEFINITIONS = (
					"DEBUG=1",
					"$(inherited)",
				);
				GCC_WARN_64_TO_32_BIT_CONVERSION = YES;
				GCC_WARN_ABOUT_RETURN_TYPE = YES_ERROR;
				GCC_WARN_UNDECLARED_SELECTOR = YES;
				GCC_WARN_UNINITIALIZED_AUTOS = YES_AGGRESSIVE;
				GCC_WARN_UNUSED_FUNCTION = YES;
				GCC_WARN_UNUSED_VARIABLE = YES;
				MACOSX_DEPLOYMENT_TARGET = 12.3;
				MTL_ENABLE_DEBUG_INFO = INCLUDE_SOURCE;
				MTL_FAST_MATH = YES;
				ONLY_ACTIVE_ARCH = YES;
				SDKROOT = iphoneos;
				SWIFT_ACTIVE_COMPILATION_CONDITIONS = DEBUG;
				SWIFT_OPTIMIZATION_LEVEL = "-Onone";
			};
			name = Debug;
		};
		66093B10292BA86900D407E2 /* Release */ = {
			isa = XCBuildConfiguration;
			buildSettings = {
				ALWAYS_SEARCH_USER_PATHS = NO;
				CLANG_ANALYZER_NONNULL = YES;
				CLANG_ANALYZER_NUMBER_OBJECT_CONVERSION = YES_AGGRESSIVE;
				CLANG_CXX_LANGUAGE_STANDARD = "gnu++17";
				CLANG_ENABLE_MODULES = YES;
				CLANG_ENABLE_OBJC_ARC = YES;
				CLANG_ENABLE_OBJC_WEAK = YES;
				CLANG_WARN_BLOCK_CAPTURE_AUTORELEASING = YES;
				CLANG_WARN_BOOL_CONVERSION = YES;
				CLANG_WARN_COMMA = YES;
				CLANG_WARN_CONSTANT_CONVERSION = YES;
				CLANG_WARN_DEPRECATED_OBJC_IMPLEMENTATIONS = YES;
				CLANG_WARN_DIRECT_OBJC_ISA_USAGE = YES_ERROR;
				CLANG_WARN_DOCUMENTATION_COMMENTS = YES;
				CLANG_WARN_EMPTY_BODY = YES;
				CLANG_WARN_ENUM_CONVERSION = YES;
				CLANG_WARN_INFINITE_RECURSION = YES;
				CLANG_WARN_INT_CONVERSION = YES;
				CLANG_WARN_NON_LITERAL_NULL_CONVERSION = YES;
				CLANG_WARN_OBJC_IMPLICIT_RETAIN_SELF = YES;
				CLANG_WARN_OBJC_LITERAL_CONVERSION = YES;
				CLANG_WARN_OBJC_ROOT_CLASS = YES_ERROR;
				CLANG_WARN_QUOTED_INCLUDE_IN_FRAMEWORK_HEADER = YES;
				CLANG_WARN_RANGE_LOOP_ANALYSIS = YES;
				CLANG_WARN_STRICT_PROTOTYPES = YES;
				CLANG_WARN_SUSPICIOUS_MOVE = YES;
				CLANG_WARN_UNGUARDED_AVAILABILITY = YES_AGGRESSIVE;
				CLANG_WARN_UNREACHABLE_CODE = YES;
				CLANG_WARN__DUPLICATE_METHOD_MATCH = YES;
				COPY_PHASE_STRIP = NO;
				DEBUG_INFORMATION_FORMAT = "dwarf-with-dsym";
				ENABLE_NS_ASSERTIONS = NO;
				ENABLE_STRICT_OBJC_MSGSEND = YES;
				GCC_C_LANGUAGE_STANDARD = gnu11;
				GCC_NO_COMMON_BLOCKS = YES;
				GCC_WARN_64_TO_32_BIT_CONVERSION = YES;
				GCC_WARN_ABOUT_RETURN_TYPE = YES_ERROR;
				GCC_WARN_UNDECLARED_SELECTOR = YES;
				GCC_WARN_UNINITIALIZED_AUTOS = YES_AGGRESSIVE;
				GCC_WARN_UNUSED_FUNCTION = YES;
				GCC_WARN_UNUSED_VARIABLE = YES;
				MACOSX_DEPLOYMENT_TARGET = 12.3;
				MTL_ENABLE_DEBUG_INFO = NO;
				MTL_FAST_MATH = YES;
				SDKROOT = iphoneos;
				SWIFT_COMPILATION_MODE = wholemodule;
				SWIFT_OPTIMIZATION_LEVEL = "-O";
			};
			name = Release;
		};
		66093B12292BA86900D407E2 /* Debug */ = {
			isa = XCBuildConfiguration;
			buildSettings = {
				ASSETCATALOG_COMPILER_APPICON_NAME = AppIcon;
				ASSETCATALOG_COMPILER_GLOBAL_ACCENT_COLOR_NAME = AccentColor;
				CODE_SIGN_ENTITLEMENTS = "New Wave Store/New_Wave_Store.entitlements";
				CODE_SIGN_STYLE = Automatic;
				COMBINE_HIDPI_IMAGES = YES;
				CURRENT_PROJECT_VERSION = 1;
				DEVELOPMENT_ASSET_PATHS = "\"New Wave Store/Preview Content\"";
				DEVELOPMENT_TEAM = 84W8MQ4ZH9;
				ENABLE_HARDENED_RUNTIME = YES;
				ENABLE_PREVIEWS = YES;
				GENERATE_INFOPLIST_FILE = YES;
				INFOPLIST_KEY_NSHumanReadableCopyright = "";
				LD_RUNPATH_SEARCH_PATHS = (
					"$(inherited)",
					"@executable_path/../Frameworks",
				);
				MARKETING_VERSION = 1.0;
				PRODUCT_BUNDLE_IDENTIFIER = "coding.New-Wave-Store";
				PRODUCT_NAME = "$(TARGET_NAME)";
				SWIFT_EMIT_LOC_STRINGS = YES;
				SWIFT_VERSION = 5.0;
			};
			name = Debug;
		};
		66093B13292BA86900D407E2 /* Release */ = {
			isa = XCBuildConfiguration;
			buildSettings = {
				ASSETCATALOG_COMPILER_APPICON_NAME = AppIcon;
				ASSETCATALOG_COMPILER_GLOBAL_ACCENT_COLOR_NAME = AccentColor;
				CODE_SIGN_ENTITLEMENTS = "New Wave Store/New_Wave_Store.entitlements";
				CODE_SIGN_STYLE = Automatic;
				COMBINE_HIDPI_IMAGES = YES;
				CURRENT_PROJECT_VERSION = 1;
				DEVELOPMENT_ASSET_PATHS = "\"New Wave Store/Preview Content\"";
				DEVELOPMENT_TEAM = 84W8MQ4ZH9;
				ENABLE_HARDENED_RUNTIME = YES;
				ENABLE_PREVIEWS = YES;
				GENERATE_INFOPLIST_FILE = YES;
				INFOPLIST_KEY_NSHumanReadableCopyright = "";
				LD_RUNPATH_SEARCH_PATHS = (
					"$(inherited)",
					"@executable_path/../Frameworks",
				);
				MARKETING_VERSION = 1.0;
				PRODUCT_BUNDLE_IDENTIFIER = "coding.New-Wave-Store";
				PRODUCT_NAME = "$(TARGET_NAME)";
				SWIFT_EMIT_LOC_STRINGS = YES;
				SWIFT_VERSION = 5.0;
			};
			name = Release;
		};
/* End XCBuildConfiguration section */

/* Begin XCConfigurationList section */
		66093AFD292BA86700D407E2 /* Build configuration list for PBXProject "New Wave Store" */ = {
			isa = XCConfigurationList;
			buildConfigurations = (
				66093B0F292BA86900D407E2 /* Debug */,
				66093B10292BA86900D407E2 /* Release */,
			);
			defaultConfigurationIsVisible = 0;
			defaultConfigurationName = Release;
		};
		66093B11292BA86900D407E2 /* Build configuration list for PBXNativeTarget "New Wave Store" */ = {
			isa = XCConfigurationList;
			buildConfigurations = (
				66093B12292BA86900D407E2 /* Debug */,
				66093B13292BA86900D407E2 /* Release */,
			);
			defaultConfigurationIsVisible = 0;
			defaultConfigurationName = Release;
		};
/* End XCConfigurationList section */
	};
	rootObject = 66093AFA292BA86700D407E2 /* Project object */;
}
